
Microsoft Visual Studio Solution File, Format Version 12.00
# Visual Studio Version 17
VisualStudioVersion = 17.4.33205.214
MinimumVisualStudioVersion = 10.0.40219.1
Project("{FAE04EC0-301F-11D3-BF4B-00C04F79EFBC}") = "Smallest of 3 Digits", "Smallest of 3 Digits\Smallest of 3 Digits.csproj", "{65BDE3F4-C5C3-4ADD-A670-08E2FDF3DDBD}"
EndProject
Global
	GlobalSection(SolutionConfigurationPlatforms) = preSolution
		Debug|Any CPU = Debug|Any CPU
		Release|Any CPU = Release|Any CPU
	EndGlobalSection
	GlobalSection(ProjectConfigurationPlatforms) = postSolution
		{65BDE3F4-C5C3-4ADD-A670-08E2FDF3DDBD}.Debug|Any CPU.ActiveCfg = Debug|Any CPU
		{65BDE3F4-C5C3-4ADD-A670-08E2FDF3DDBD}.Debug|Any CPU.Build.0 = Debug|Any CPU
		{65BDE3F4-C5C3-4ADD-A670-08E2FDF3DDBD}.Release|Any CPU.ActiveCfg = Release|Any CPU
		{65BDE3F4-C5C3-4ADD-A670-08E2FDF3DDBD}.Release|Any CPU.Build.0 = Release|Any CPU
	EndGlobalSection
	GlobalSection(SolutionProperties) = preSolution
		HideSolutionNode = FALSE
	EndGlobalSection
	GlobalSection(ExtensibilityGlobals) = postSolution
		SolutionGuid = {E9BB78AC-BCEA-4A1D-9EDB-F7BC3071CAA4}
	EndGlobalSection
EndGlobal
